
Microsoft Visual Studio Solution File, Format Version 12.00
# Visual Studio Version 16
VisualStudioVersion = 16.0.30907.101
MinimumVisualStudioVersion = 10.0.40219.1
Project("{FAE04EC0-301F-11D3-BF4B-00C04F79EFBC}") = "CustomerManagementProject", "CustomerManagementProject.csproj", "{D0F89DDD-1351-46CF-9959-936C9C8C35BB}"
EndProject
Global
	GlobalSection(SolutionConfigurationPlatforms) = preSolution
		Debug|Any CPU = Debug|Any CPU
		Release|Any CPU = Release|Any CPU
	EndGlobalSection
	GlobalSection(ProjectConfigurationPlatforms) = postSolution
		{D0F89DDD-1351-46CF-9959-936C9C8C35BB}.Debug|Any CPU.ActiveCfg = Debug|Any CPU
		{D0F89DDD-1351-46CF-9959-936C9C8C35BB}.Debug|Any CPU.Build.0 = Debug|Any CPU
		{D0F89DDD-1351-46CF-9959-936C9C8C35BB}.Release|Any CPU.ActiveCfg = Release|Any CPU
		{D0F89DDD-1351-46CF-9959-936C9C8C35BB}.Release|Any CPU.Build.0 = Release|Any CPU
	EndGlobalSection
	GlobalSection(SolutionProperties) = preSolution
		HideSolutionNode = FALSE
	EndGlobalSection
	GlobalSection(ExtensibilityGlobals) = postSolution
		SolutionGuid = {4B634AC0-1A59-41C1-9E93-5A33E100E0A2}
	EndGlobalSection
EndGlobal
